Microsoft Visual Studio Solution File, Format Version 11.00
# Visual Studio 2008

Project("{07871F1A-FF4C-CFF6-1AD2-C2797D1464C4}") = "Celtc-ikitoiapp-17f3db8c5323", "Assembly-CSharp-firstpass-vs.csproj", "{9C12495A-925C-2853-8354-916B6A548311}"
EndProject
Project("{07871F1A-FF4C-CFF6-1AD2-C2797D1464C4}") = "Celtc-ikitoiapp-17f3db8c5323", "Assembly-CSharp-vs.csproj", "{BFADD871-A2D0-626A-DB4F-7EC1CF2E91AA}"
EndProject
Project("{07871F1A-FF4C-CFF6-1AD2-C2797D1464C4}") = "Celtc-ikitoiapp-17f3db8c5323", "Assembly-CSharp-Editor-vs.csproj", "{3AE02F7F-3721-0221-08D1-3218B7458FE5}"
EndProject
Global
	GlobalSection(SolutionConfigurationPlatforms) = preSolution
		Debug|Any CPU = Debug|Any CPU
		Release|Any CPU = Release|Any CPU
	EndGlobalSection
	GlobalSection(ProjectConfigurationPlatforms) = postSolution
		{9C12495A-925C-2853-8354-916B6A548311}.Debug|Any CPU.ActiveCfg = Debug|Any CPU
		{9C12495A-925C-2853-8354-916B6A548311}.Debug|Any CPU.Build.0 = Debug|Any CPU
		{9C12495A-925C-2853-8354-916B6A548311}.Release|Any CPU.ActiveCfg = Release|Any CPU
		{9C12495A-925C-2853-8354-916B6A548311}.Release|Any CPU.Build.0 = Release|Any CPU
		{BFADD871-A2D0-626A-DB4F-7EC1CF2E91AA}.Debug|Any CPU.ActiveCfg = Debug|Any CPU
		{BFADD871-A2D0-626A-DB4F-7EC1CF2E91AA}.Debug|Any CPU.Build.0 = Debug|Any CPU
		{BFADD871-A2D0-626A-DB4F-7EC1CF2E91AA}.Release|Any CPU.ActiveCfg = Release|Any CPU
		{BFADD871-A2D0-626A-DB4F-7EC1CF2E91AA}.Release|Any CPU.Build.0 = Release|Any CPU
		{3AE02F7F-3721-0221-08D1-3218B7458FE5}.Debug|Any CPU.ActiveCfg = Debug|Any CPU
		{3AE02F7F-3721-0221-08D1-3218B7458FE5}.Debug|Any CPU.Build.0 = Debug|Any CPU
		{3AE02F7F-3721-0221-08D1-3218B7458FE5}.Release|Any CPU.ActiveCfg = Release|Any CPU
		{3AE02F7F-3721-0221-08D1-3218B7458FE5}.Release|Any CPU.Build.0 = Release|Any CPU
	EndGlobalSection
	GlobalSection(SolutionProperties) = preSolution
		HideSolutionNode = FALSE
	EndGlobalSection
		GlobalSection(MonoDevelopProperties) = preSolution
		StartupItem = Assembly-CSharp.csproj
		Policies = $0
		$0.TextStylePolicy = $1
		$1.inheritsSet = null
		$1.scope = text/x-csharp
		$0.CSharpFormattingPolicy = $2
		$2.inheritsSet = Mono
		$2.inheritsScope = text/x-csharp
		$2.scope = text/x-csharp
		$0.TextStylePolicy = $3
		$3.FileWidth = 120
		$3.TabWidth = 4
		$3.IndentWidth = 4
		$3.EolMarker = Unix
		$3.inheritsSet = Mono
		$3.inheritsScope = text/plain
		$3.scope = text/plain
	EndGlobalSection

EndGlobal
